
Microsoft Visual Studio Solution File, Format Version 12.00
# Visual Studio 15
VisualStudioVersion = 15.0.28010.2036
MinimumVisualStudioVersion = 10.0.40219.1
Project("{FAE04EC0-301F-11D3-BF4B-00C04F79EFBC}") = "FightingEngineDesktop", "FightingEngineDesktop\FightingEngineDesktop.csproj", "{CFA326AB-57D8-401E-905F-04221CCFD0E1}"
EndProject
Project("{FAE04EC0-301F-11D3-BF4B-00C04F79EFBC}") = "FightingEditorWin", "FightingEditorWin\FightingEditorWin.csproj", "{BB3709AD-CF4D-444C-B863-070FB94758DA}"
EndProject
Global
	GlobalSection(SolutionConfigurationPlatforms) = preSolution
		Debug|Any CPU = Debug|Any CPU
		Release|Any CPU = Release|Any CPU
	EndGlobalSection
	GlobalSection(ProjectConfigurationPlatforms) = postSolution
		{CFA326AB-57D8-401E-905F-04221CCFD0E1}.Debug|Any CPU.ActiveCfg = Debug|Any CPU
		{CFA326AB-57D8-401E-905F-04221CCFD0E1}.Debug|Any CPU.Build.0 = Debug|Any CPU
		{CFA326AB-57D8-401E-905F-04221CCFD0E1}.Release|Any CPU.ActiveCfg = Release|Any CPU
		{CFA326AB-57D8-401E-905F-04221CCFD0E1}.Release|Any CPU.Build.0 = Release|Any CPU
		{BB3709AD-CF4D-444C-B863-070FB94758DA}.Debug|Any CPU.ActiveCfg = Debug|Any CPU
		{BB3709AD-CF4D-444C-B863-070FB94758DA}.Debug|Any CPU.Build.0 = Debug|Any CPU
		{BB3709AD-CF4D-444C-B863-070FB94758DA}.Release|Any CPU.ActiveCfg = Release|Any CPU
		{BB3709AD-CF4D-444C-B863-070FB94758DA}.Release|Any CPU.Build.0 = Release|Any CPU
	EndGlobalSection
	GlobalSection(SolutionProperties) = preSolution
		HideSolutionNode = FALSE
	EndGlobalSection
	GlobalSection(ExtensibilityGlobals) = postSolution
		SolutionGuid = {86F60B39-141F-44C6-A751-A871249EE163}
	EndGlobalSection
EndGlobal
